
Microsoft Visual Studio Solution File, Format Version 12.00
# Visual Studio 14
VisualStudioVersion = 14.0.25420.1
MinimumVisualStudioVersion = 10.0.40219.1
Project("{FAE04EC0-301F-11D3-BF4B-00C04F79EFBC}") = "WeatherProxy", "WeatherProxy\WeatherProxy.csproj", "{3F58302A-AE5D-4A58-B68B-6316C24F6E52}"
EndProject
Project("{2150E333-8FDC-42A3-9474-1A3956D46DE8}") = "Tests", "Tests", "{E9EBD665-D5C5-49AB-84E7-4C45A49F5A06}"
EndProject
Project("{FAE04EC0-301F-11D3-BF4B-00C04F79EFBC}") = "IntegrationTests", "ForecastClientTests\IntegrationTests.csproj", "{4C537EB3-0B29-4D2A-AE89-12A23F251CFF}"
EndProject
Project("{FAE04EC0-301F-11D3-BF4B-00C04F79EFBC}") = "WeatherService", "WeatherService\WeatherService.csproj", "{FB5D2B3A-18CA-4FFF-9549-01E5FB62A5F9}"
EndProject
Project("{FAE04EC0-301F-11D3-BF4B-00C04F79EFBC}") = "UnitTests", "UnitTests\UnitTests.csproj", "{96B7F0CD-6270-4694-8013-2F7351D3A287}"
EndProject
Project("{FAE04EC0-301F-11D3-BF4B-00C04F79EFBC}") = "WeatherSite", "WeatherSite\WeatherSite.csproj", "{EF276623-ACB8-412C-8530-1FF3BF996A97}"
EndProject
Global
	GlobalSection(SolutionConfigurationPlatforms) = preSolution
		Debug|Any CPU = Debug|Any CPU
		Release|Any CPU = Release|Any CPU
	EndGlobalSection
	GlobalSection(ProjectConfigurationPlatforms) = postSolution
		{3F58302A-AE5D-4A58-B68B-6316C24F6E52}.Debug|Any CPU.ActiveCfg = Debug|Any CPU
		{3F58302A-AE5D-4A58-B68B-6316C24F6E52}.Debug|Any CPU.Build.0 = Debug|Any CPU
		{3F58302A-AE5D-4A58-B68B-6316C24F6E52}.Release|Any CPU.ActiveCfg = Release|Any CPU
		{3F58302A-AE5D-4A58-B68B-6316C24F6E52}.Release|Any CPU.Build.0 = Release|Any CPU
		{4C537EB3-0B29-4D2A-AE89-12A23F251CFF}.Debug|Any CPU.ActiveCfg = Debug|Any CPU
		{4C537EB3-0B29-4D2A-AE89-12A23F251CFF}.Debug|Any CPU.Build.0 = Debug|Any CPU
		{4C537EB3-0B29-4D2A-AE89-12A23F251CFF}.Release|Any CPU.ActiveCfg = Release|Any CPU
		{4C537EB3-0B29-4D2A-AE89-12A23F251CFF}.Release|Any CPU.Build.0 = Release|Any CPU
		{FB5D2B3A-18CA-4FFF-9549-01E5FB62A5F9}.Debug|Any CPU.ActiveCfg = Debug|Any CPU
		{FB5D2B3A-18CA-4FFF-9549-01E5FB62A5F9}.Debug|Any CPU.Build.0 = Debug|Any CPU
		{FB5D2B3A-18CA-4FFF-9549-01E5FB62A5F9}.Debug|Any CPU.Deploy.0 = Debug|Any CPU
		{FB5D2B3A-18CA-4FFF-9549-01E5FB62A5F9}.Release|Any CPU.ActiveCfg = Release|Any CPU
		{FB5D2B3A-18CA-4FFF-9549-01E5FB62A5F9}.Release|Any CPU.Build.0 = Release|Any CPU
		{96B7F0CD-6270-4694-8013-2F7351D3A287}.Debug|Any CPU.ActiveCfg = Debug|Any CPU
		{96B7F0CD-6270-4694-8013-2F7351D3A287}.Debug|Any CPU.Build.0 = Debug|Any CPU
		{96B7F0CD-6270-4694-8013-2F7351D3A287}.Release|Any CPU.ActiveCfg = Release|Any CPU
		{96B7F0CD-6270-4694-8013-2F7351D3A287}.Release|Any CPU.Build.0 = Release|Any CPU
		{EF276623-ACB8-412C-8530-1FF3BF996A97}.Debug|Any CPU.ActiveCfg = Debug|Any CPU
		{EF276623-ACB8-412C-8530-1FF3BF996A97}.Debug|Any CPU.Build.0 = Debug|Any CPU
		{EF276623-ACB8-412C-8530-1FF3BF996A97}.Release|Any CPU.ActiveCfg = Release|Any CPU
		{EF276623-ACB8-412C-8530-1FF3BF996A97}.Release|Any CPU.Build.0 = Release|Any CPU
	EndGlobalSection
	GlobalSection(SolutionProperties) = preSolution
		HideSolutionNode = FALSE
	EndGlobalSection
	GlobalSection(NestedProjects) = preSolution
		{4C537EB3-0B29-4D2A-AE89-12A23F251CFF} = {E9EBD665-D5C5-49AB-84E7-4C45A49F5A06}
		{96B7F0CD-6270-4694-8013-2F7351D3A287} = {E9EBD665-D5C5-49AB-84E7-4C45A49F5A06}
	EndGlobalSection
EndGlobal
